
Microsoft Visual Studio Solution File, Format Version 12.00
# Visual Studio 15
VisualStudioVersion = 15.0.28307.329
MinimumVisualStudioVersion = 10.0.40219.1
Project("{FAE04EC0-301F-11D3-BF4B-00C04F79EFBC}") = "LambdaForums", "LambdaForums\LambdaForums.csproj", "{2EFF813F-306A-4689-ABD1-A27336668606}"
EndProject
Global
	GlobalSection(SolutionConfigurationPlatforms) = preSolution
		Debug|Any CPU = Debug|Any CPU
		Release|Any CPU = Release|Any CPU
	EndGlobalSection
	GlobalSection(ProjectConfigurationPlatforms) = postSolution
		{2EFF813F-306A-4689-ABD1-A27336668606}.Debug|Any CPU.ActiveCfg = Debug|Any CPU
		{2EFF813F-306A-4689-ABD1-A27336668606}.Debug|Any CPU.Build.0 = Debug|Any CPU
		{2EFF813F-306A-4689-ABD1-A27336668606}.Release|Any CPU.ActiveCfg = Release|Any CPU
		{2EFF813F-306A-4689-ABD1-A27336668606}.Release|Any CPU.Build.0 = Release|Any CPU
	EndGlobalSection
	GlobalSection(SolutionProperties) = preSolution
		HideSolutionNode = FALSE
	EndGlobalSection
	GlobalSection(ExtensibilityGlobals) = postSolution
		SolutionGuid = {411AB532-4970-47E8-8A42-F490D5BD37D9}
	EndGlobalSection
EndGlobal
